
Microsoft Visual Studio Solution File, Format Version 12.00
# Visual Studio Version 17
VisualStudioVersion = 17.0.31919.166
MinimumVisualStudioVersion = 10.0.40219.1
Project("{2150E333-8FDC-42A3-9474-1A3956D46DE8}") = "SolutionItems", "SolutionItems", "{9F659AB9-6E1D-47EE-8DF8-EC7C593129D7}"
	ProjectSection(SolutionItems) = preProject
		Settings.StyleCop = Settings.StyleCop
	EndProjectSection
EndProject
Project("{FAE04EC0-301F-11D3-BF4B-00C04F79EFBC}") = "Client", "Client\Client.csproj", "{9562D251-49BE-4650-93BD-FA6D66DBA61C}"
	ProjectSection(ProjectDependencies) = postProject
		{CCFA6865-6B10-4D7C-B6B8-8C37BBFE7DA1} = {CCFA6865-6B10-4D7C-B6B8-8C37BBFE7DA1}
	EndProjectSection
EndProject
Project("{FAE04EC0-301F-11D3-BF4B-00C04F79EFBC}") = "WcfService", "WcfService\WcfService.csproj", "{CCFA6865-6B10-4D7C-B6B8-8C37BBFE7DA1}"
EndProject
Project("{FAE04EC0-301F-11D3-BF4B-00C04F79EFBC}") = "Contract", "Contract\Contract.csproj", "{DDD88351-9A73-4212-85DC-F769B37D5057}"
EndProject
Project("{FAE04EC0-301F-11D3-BF4B-00C04F79EFBC}") = "BusinessLayer", "BusinessLayer\BusinessLayer.csproj", "{5E9B468D-FD1B-4AE5-8A10-C9B09CE2690C}"
EndProject
Project("{FAE04EC0-301F-11D3-BF4B-00C04F79EFBC}") = "WebApiService", "WebApiService\WebApiService.csproj", "{B71A8419-1827-48A4-913E-467B52A7C2F1}"
EndProject
Project("{9A19103F-16F7-4668-BE54-9A1E7A4F7556}") = "WebCore3Service", "WebCore3Service\WebCore3Service.csproj", "{BB7A06CC-A96E-4B96-B8B6-2E96F3F20783}"
EndProject
Project("{FAE04EC0-301F-11D3-BF4B-00C04F79EFBC}") = "WebCore6Service", "WebCore6Service\WebCore6Service.csproj", "{1941CDB2-31FD-4DEC-B0A6-D3FA78431CC9}"
EndProject
Global
	GlobalSection(SolutionConfigurationPlatforms) = preSolution
		Debug|Any CPU = Debug|Any CPU
		Debug|Mixed Platforms = Debug|Mixed Platforms
		Debug|x86 = Debug|x86
		Release|Any CPU = Release|Any CPU
		Release|Mixed Platforms = Release|Mixed Platforms
		Release|x86 = Release|x86
	EndGlobalSection
	GlobalSection(ProjectConfigurationPlatforms) = postSolution
		{9562D251-49BE-4650-93BD-FA6D66DBA61C}.Debug|Any CPU.ActiveCfg = Debug|x86
		{9562D251-49BE-4650-93BD-FA6D66DBA61C}.Debug|Mixed Platforms.ActiveCfg = Debug|x86
		{9562D251-49BE-4650-93BD-FA6D66DBA61C}.Debug|Mixed Platforms.Build.0 = Debug|x86
		{9562D251-49BE-4650-93BD-FA6D66DBA61C}.Debug|x86.ActiveCfg = Debug|x86
		{9562D251-49BE-4650-93BD-FA6D66DBA61C}.Debug|x86.Build.0 = Debug|x86
		{9562D251-49BE-4650-93BD-FA6D66DBA61C}.Release|Any CPU.ActiveCfg = Release|x86
		{9562D251-49BE-4650-93BD-FA6D66DBA61C}.Release|Mixed Platforms.ActiveCfg = Release|x86
		{9562D251-49BE-4650-93BD-FA6D66DBA61C}.Release|Mixed Platforms.Build.0 = Release|x86
		{9562D251-49BE-4650-93BD-FA6D66DBA61C}.Release|x86.ActiveCfg = Release|x86
		{9562D251-49BE-4650-93BD-FA6D66DBA61C}.Release|x86.Build.0 = Release|x86
		{CCFA6865-6B10-4D7C-B6B8-8C37BBFE7DA1}.Debug|Any CPU.ActiveCfg = Debug|Any CPU
		{CCFA6865-6B10-4D7C-B6B8-8C37BBFE7DA1}.Debug|Any CPU.Build.0 = Debug|Any CPU
		{CCFA6865-6B10-4D7C-B6B8-8C37BBFE7DA1}.Debug|Mixed Platforms.ActiveCfg = Debug|Any CPU
		{CCFA6865-6B10-4D7C-B6B8-8C37BBFE7DA1}.Debug|Mixed Platforms.Build.0 = Debug|Any CPU
		{CCFA6865-6B10-4D7C-B6B8-8C37BBFE7DA1}.Debug|x86.ActiveCfg = Debug|Any CPU
		{CCFA6865-6B10-4D7C-B6B8-8C37BBFE7DA1}.Release|Any CPU.ActiveCfg = Release|Any CPU
		{CCFA6865-6B10-4D7C-B6B8-8C37BBFE7DA1}.Release|Any CPU.Build.0 = Release|Any CPU
		{CCFA6865-6B10-4D7C-B6B8-8C37BBFE7DA1}.Release|Mixed Platforms.ActiveCfg = Release|Any CPU
		{CCFA6865-6B10-4D7C-B6B8-8C37BBFE7DA1}.Release|Mixed Platforms.Build.0 = Release|Any CPU
		{CCFA6865-6B10-4D7C-B6B8-8C37BBFE7DA1}.Release|x86.ActiveCfg = Release|Any CPU
		{DDD88351-9A73-4212-85DC-F769B37D5057}.Debug|Any CPU.ActiveCfg = Debug|Any CPU
		{DDD88351-9A73-4212-85DC-F769B37D5057}.Debug|Any CPU.Build.0 = Debug|Any CPU
		{DDD88351-9A73-4212-85DC-F769B37D5057}.Debug|Mixed Platforms.ActiveCfg = Debug|Any CPU
		{DDD88351-9A73-4212-85DC-F769B37D5057}.Debug|Mixed Platforms.Build.0 = Debug|Any CPU
		{DDD88351-9A73-4212-85DC-F769B37D5057}.Debug|x86.ActiveCfg = Debug|Any CPU
		{DDD88351-9A73-4212-85DC-F769B37D5057}.Release|Any CPU.ActiveCfg = Release|Any CPU
		{DDD88351-9A73-4212-85DC-F769B37D5057}.Release|Any CPU.Build.0 = Release|Any CPU
		{DDD88351-9A73-4212-85DC-F769B37D5057}.Release|Mixed Platforms.ActiveCfg = Release|Any CPU
		{DDD88351-9A73-4212-85DC-F769B37D5057}.Release|Mixed Platforms.Build.0 = Release|Any CPU
		{DDD88351-9A73-4212-85DC-F769B37D5057}.Release|x86.ActiveCfg = Release|Any CPU
		{5E9B468D-FD1B-4AE5-8A10-C9B09CE2690C}.Debug|Any CPU.ActiveCfg = Debug|Any CPU
		{5E9B468D-FD1B-4AE5-8A10-C9B09CE2690C}.Debug|Any CPU.Build.0 = Debug|Any CPU
		{5E9B468D-FD1B-4AE5-8A10-C9B09CE2690C}.Debug|Mixed Platforms.ActiveCfg = Debug|Any CPU
		{5E9B468D-FD1B-4AE5-8A10-C9B09CE2690C}.Debug|Mixed Platforms.Build.0 = Debug|Any CPU
		{5E9B468D-FD1B-4AE5-8A10-C9B09CE2690C}.Debug|x86.ActiveCfg = Debug|Any CPU
		{5E9B468D-FD1B-4AE5-8A10-C9B09CE2690C}.Release|Any CPU.ActiveCfg = Release|Any CPU
		{5E9B468D-FD1B-4AE5-8A10-C9B09CE2690C}.Release|Any CPU.Build.0 = Release|Any CPU
		{5E9B468D-FD1B-4AE5-8A10-C9B09CE2690C}.Release|Mixed Platforms.ActiveCfg = Release|Any CPU
		{5E9B468D-FD1B-4AE5-8A10-C9B09CE2690C}.Release|Mixed Platforms.Build.0 = Release|Any CPU
		{5E9B468D-FD1B-4AE5-8A10-C9B09CE2690C}.Release|x86.ActiveCfg = Release|Any CPU
		{B71A8419-1827-48A4-913E-467B52A7C2F1}.Debug|Any CPU.ActiveCfg = Debug|Any CPU
		{B71A8419-1827-48A4-913E-467B52A7C2F1}.Debug|Any CPU.Build.0 = Debug|Any CPU
		{B71A8419-1827-48A4-913E-467B52A7C2F1}.Debug|Mixed Platforms.ActiveCfg = Debug|Any CPU
		{B71A8419-1827-48A4-913E-467B52A7C2F1}.Debug|Mixed Platforms.Build.0 = Debug|Any CPU
		{B71A8419-1827-48A4-913E-467B52A7C2F1}.Debug|x86.ActiveCfg = Debug|Any CPU
		{B71A8419-1827-48A4-913E-467B52A7C2F1}.Release|Any CPU.ActiveCfg = Release|Any CPU
		{B71A8419-1827-48A4-913E-467B52A7C2F1}.Release|Any CPU.Build.0 = Release|Any CPU
		{B71A8419-1827-48A4-913E-467B52A7C2F1}.Release|Mixed Platforms.ActiveCfg = Release|Any CPU
		{B71A8419-1827-48A4-913E-467B52A7C2F1}.Release|Mixed Platforms.Build.0 = Release|Any CPU
		{B71A8419-1827-48A4-913E-467B52A7C2F1}.Release|x86.ActiveCfg = Release|Any CPU
		{BB7A06CC-A96E-4B96-B8B6-2E96F3F20783}.Debug|Any CPU.ActiveCfg = Debug|Any CPU
		{BB7A06CC-A96E-4B96-B8B6-2E96F3F20783}.Debug|Any CPU.Build.0 = Debug|Any CPU
		{BB7A06CC-A96E-4B96-B8B6-2E96F3F20783}.Debug|Mixed Platforms.ActiveCfg = Debug|Any CPU
		{BB7A06CC-A96E-4B96-B8B6-2E96F3F20783}.Debug|Mixed Platforms.Build.0 = Debug|Any CPU
		{BB7A06CC-A96E-4B96-B8B6-2E96F3F20783}.Debug|x86.ActiveCfg = Debug|Any CPU
		{BB7A06CC-A96E-4B96-B8B6-2E96F3F20783}.Debug|x86.Build.0 = Debug|Any CPU
		{BB7A06CC-A96E-4B96-B8B6-2E96F3F20783}.Release|Any CPU.ActiveCfg = Release|Any CPU
		{BB7A06CC-A96E-4B96-B8B6-2E96F3F20783}.Release|Any CPU.Build.0 = Release|Any CPU
		{BB7A06CC-A96E-4B96-B8B6-2E96F3F20783}.Release|Mixed Platforms.ActiveCfg = Release|Any CPU
		{BB7A06CC-A96E-4B96-B8B6-2E96F3F20783}.Release|Mixed Platforms.Build.0 = Release|Any CPU
		{BB7A06CC-A96E-4B96-B8B6-2E96F3F20783}.Release|x86.ActiveCfg = Release|Any CPU
		{BB7A06CC-A96E-4B96-B8B6-2E96F3F20783}.Release|x86.Build.0 = Release|Any CPU
		{1941CDB2-31FD-4DEC-B0A6-D3FA78431CC9}.Debug|Any CPU.ActiveCfg = Debug|Any CPU
		{1941CDB2-31FD-4DEC-B0A6-D3FA78431CC9}.Debug|Any CPU.Build.0 = Debug|Any CPU
		{1941CDB2-31FD-4DEC-B0A6-D3FA78431CC9}.Debug|Mixed Platforms.ActiveCfg = Debug|Any CPU
		{1941CDB2-31FD-4DEC-B0A6-D3FA78431CC9}.Debug|Mixed Platforms.Build.0 = Debug|Any CPU
		{1941CDB2-31FD-4DEC-B0A6-D3FA78431CC9}.Debug|x86.ActiveCfg = Debug|Any CPU
		{1941CDB2-31FD-4DEC-B0A6-D3FA78431CC9}.Debug|x86.Build.0 = Debug|Any CPU
		{1941CDB2-31FD-4DEC-B0A6-D3FA78431CC9}.Release|Any CPU.ActiveCfg = Release|Any CPU
		{1941CDB2-31FD-4DEC-B0A6-D3FA78431CC9}.Release|Any CPU.Build.0 = Release|Any CPU
		{1941CDB2-31FD-4DEC-B0A6-D3FA78431CC9}.Release|Mixed Platforms.ActiveCfg = Release|Any CPU
		{1941CDB2-31FD-4DEC-B0A6-D3FA78431CC9}.Release|Mixed Platforms.Build.0 = Release|Any CPU
		{1941CDB2-31FD-4DEC-B0A6-D3FA78431CC9}.Release|x86.ActiveCfg = Release|Any CPU
		{1941CDB2-31FD-4DEC-B0A6-D3FA78431CC9}.Release|x86.Build.0 = Release|Any CPU
	EndGlobalSection
	GlobalSection(SolutionProperties) = preSolution
		HideSolutionNode = FALSE
	EndGlobalSection
	GlobalSection(ExtensibilityGlobals) = postSolution
		SolutionGuid = {57B78032-8930-4257-B608-F0610294E5DE}
	EndGlobalSection
EndGlobal
